
Microsoft Visual Studio Solution File, Format Version 12.00
# Visual Studio Version 16
VisualStudioVersion = 16.0.30611.23
MinimumVisualStudioVersion = 10.0.40219.1
Project("{9A19103F-16F7-4668-BE54-9A1E7A4F7556}") = "PimPamProgrammeur.API", "PimPamProgrammeur.API\PimPamProgrammeur.API.csproj", "{00519A64-7338-4DF4-B342-71397B5AC849}"
EndProject
Project("{9A19103F-16F7-4668-BE54-9A1E7A4F7556}") = "PimPamProgrammeur.Data", "PimPamProgrammeur.Data\PimPamProgrammeur.Data.csproj", "{757ABCBA-AC7A-4793-9912-AC6D5DB64C5F}"
EndProject
Project("{9A19103F-16F7-4668-BE54-9A1E7A4F7556}") = "PimPamProgrammeur.Model", "PimPamProgrammeur.Model\PimPamProgrammeur.Model.csproj", "{E316DD57-BAC8-476E-837F-9766E854DAD6}"
EndProject
Project("{9A19103F-16F7-4668-BE54-9A1E7A4F7556}") = "PimPamProgrammeur.Dto", "PimPamProgrammeur.Dto\PimPamProgrammeur.Dto.csproj", "{7AA08AB2-4542-4DE6-8BA9-E31AB1391859}"
EndProject
Project("{9A19103F-16F7-4668-BE54-9A1E7A4F7556}") = "PimPamProgrammeur.Repository", "PimPamProgrammeur.Repository\PimPamProgrammeur.Repository.csproj", "{08F1D4F4-C258-4C39-AB0C-E5F15F719892}"
EndProject
Global
	GlobalSection(SolutionConfigurationPlatforms) = preSolution
		Debug|Any CPU = Debug|Any CPU
		Release|Any CPU = Release|Any CPU
	EndGlobalSection
	GlobalSection(ProjectConfigurationPlatforms) = postSolution
		{00519A64-7338-4DF4-B342-71397B5AC849}.Debug|Any CPU.ActiveCfg = Debug|Any CPU
		{00519A64-7338-4DF4-B342-71397B5AC849}.Debug|Any CPU.Build.0 = Debug|Any CPU
		{00519A64-7338-4DF4-B342-71397B5AC849}.Release|Any CPU.ActiveCfg = Release|Any CPU
		{00519A64-7338-4DF4-B342-71397B5AC849}.Release|Any CPU.Build.0 = Release|Any CPU
		{757ABCBA-AC7A-4793-9912-AC6D5DB64C5F}.Debug|Any CPU.ActiveCfg = Debug|Any CPU
		{757ABCBA-AC7A-4793-9912-AC6D5DB64C5F}.Debug|Any CPU.Build.0 = Debug|Any CPU
		{757ABCBA-AC7A-4793-9912-AC6D5DB64C5F}.Release|Any CPU.ActiveCfg = Release|Any CPU
		{757ABCBA-AC7A-4793-9912-AC6D5DB64C5F}.Release|Any CPU.Build.0 = Release|Any CPU
		{E316DD57-BAC8-476E-837F-9766E854DAD6}.Debug|Any CPU.ActiveCfg = Debug|Any CPU
		{E316DD57-BAC8-476E-837F-9766E854DAD6}.Debug|Any CPU.Build.0 = Debug|Any CPU
		{E316DD57-BAC8-476E-837F-9766E854DAD6}.Release|Any CPU.ActiveCfg = Release|Any CPU
		{E316DD57-BAC8-476E-837F-9766E854DAD6}.Release|Any CPU.Build.0 = Release|Any CPU
		{7AA08AB2-4542-4DE6-8BA9-E31AB1391859}.Debug|Any CPU.ActiveCfg = Debug|Any CPU
		{7AA08AB2-4542-4DE6-8BA9-E31AB1391859}.Debug|Any CPU.Build.0 = Debug|Any CPU
		{7AA08AB2-4542-4DE6-8BA9-E31AB1391859}.Release|Any CPU.ActiveCfg = Release|Any CPU
		{7AA08AB2-4542-4DE6-8BA9-E31AB1391859}.Release|Any CPU.Build.0 = Release|Any CPU
		{08F1D4F4-C258-4C39-AB0C-E5F15F719892}.Debug|Any CPU.ActiveCfg = Debug|Any CPU
		{08F1D4F4-C258-4C39-AB0C-E5F15F719892}.Debug|Any CPU.Build.0 = Debug|Any CPU
		{08F1D4F4-C258-4C39-AB0C-E5F15F719892}.Release|Any CPU.ActiveCfg = Release|Any CPU
		{08F1D4F4-C258-4C39-AB0C-E5F15F719892}.Release|Any CPU.Build.0 = Release|Any CPU
	EndGlobalSection
	GlobalSection(SolutionProperties) = preSolution
		HideSolutionNode = FALSE
	EndGlobalSection
	GlobalSection(ExtensibilityGlobals) = postSolution
		SolutionGuid = {8A3F0E80-32C3-409A-8327-B46A5E9AAEFD}
	EndGlobalSection
EndGlobal
